// !$*UTF8*$!
{
	archiveVersion = 1;
	classes = {
	};
	objectVersion = 55;
	objects = {

/* Begin PBXBuildFile section */
		A668C63D28A9242000242496 /* TuittaSwiftApp.swift in Sources */ = {isa = PBXBuildFile; fileRef = A668C63C28A9242000242496 /* TuittaSwiftApp.swift */; };
		A668C63F28A9242000242496 /* ContentView.swift in Sources */ = {isa = PBXBuildFile; fileRef = A668C63E28A9242000242496 /* ContentView.swift */; };
		A668C64128A9242300242496 /* Assets.xcassets in Resources */ = {isa = PBXBuildFile; fileRef = A668C64028A9242300242496 /* Assets.xcassets */; };
		A668C64428A9242300242496 /* Preview Assets.xcassets in Resources */ = {isa = PBXBuildFile; fileRef = A668C64328A9242300242496 /* Preview Assets.xcassets */; };
		A668C64B28A9249B00242496 /* README.md in Resources */ = {isa = PBXBuildFile; fileRef = A668C64A28A9249B00242496 /* README.md */; };
		A668C64E28A9277600242496 /* FirebaseAuth in Frameworks */ = {isa = PBXBuildFile; productRef = A668C64D28A9277600242496 /* FirebaseAuth */; };
		A668C65028A9277600242496 /* FirebaseFirestore in Frameworks */ = {isa = PBXBuildFile; productRef = A668C64F28A9277600242496 /* FirebaseFirestore */; };
		A668C65228A9277600242496 /* FirebaseFirestoreSwift-Beta in Frameworks */ = {isa = PBXBuildFile; productRef = A668C65128A9277600242496 /* FirebaseFirestoreSwift-Beta */; };
		A668C65428A9277600242496 /* FirebaseStorage in Frameworks */ = {isa = PBXBuildFile; productRef = A668C65328A9277600242496 /* FirebaseStorage */; };
		A668C65628A9277600242496 /* FirebaseStorageSwift-Beta in Frameworks */ = {isa = PBXBuildFile; productRef = A668C65528A9277600242496 /* FirebaseStorageSwift-Beta */; };
		A668C65928A927C900242496 /* SDWebImageSwiftUI in Frameworks */ = {isa = PBXBuildFile; productRef = A668C65828A927C900242496 /* SDWebImageSwiftUI */; };
		A668C65B28A928A300242496 /* GoogleService-Info.plist in Resources */ = {isa = PBXBuildFile; fileRef = A668C65A28A928A300242496 /* GoogleService-Info.plist */; };
		A668C65D28A928D900242496 /* LoginView.swift in Sources */ = {isa = PBXBuildFile; fileRef = A668C65C28A928D900242496 /* LoginView.swift */; };
		A668C65F28A9387100242496 /* AuthViewModel.swift in Sources */ = {isa = PBXBuildFile; fileRef = A668C65E28A9387100242496 /* AuthViewModel.swift */; };
/* End PBXBuildFile section */

/* Begin PBXFileReference section */
		A668C63928A9242000242496 /* TuittaSwift.app */ = {isa = PBXFileReference; explicitFileType = wrapper.application; includeInIndex = 0; path = TuittaSwift.app; sourceTree = BUILT_PRODUCTS_DIR; };
		A668C63C28A9242000242496 /* TuittaSwiftApp.swift */ = {isa = PBXFileReference; lastKnownFileType = sourcecode.swift; path = TuittaSwiftApp.swift; sourceTree = "<group>"; };
		A668C63E28A9242000242496 /* ContentView.swift */ = {isa = PBXFileReference; lastKnownFileType = sourcecode.swift; path = ContentView.swift; sourceTree = "<group>"; };
		A668C64028A9242300242496 /* Assets.xcassets */ = {isa = PBXFileReference; lastKnownFileType = folder.assetcatalog; path = Assets.xcassets; sourceTree = "<group>"; };
		A668C64328A9242300242496 /* Preview Assets.xcassets */ = {isa = PBXFileReference; lastKnownFileType = folder.assetcatalog; path = "Preview Assets.xcassets"; sourceTree = "<group>"; };
		A668C64A28A9249B00242496 /* README.md */ = {isa = PBXFileReference; lastKnownFileType = net.daringfireball.markdown; path = README.md; sourceTree = "<group>"; };
		A668C65A28A928A300242496 /* GoogleService-Info.plist */ = {isa = PBXFileReference; fileEncoding = 4; lastKnownFileType = text.plist.xml; path = "GoogleService-Info.plist"; sourceTree = "<group>"; };
		A668C65C28A928D900242496 /* LoginView.swift */ = {isa = PBXFileReference; lastKnownFileType = sourcecode.swift; path = LoginView.swift; sourceTree = "<group>"; };
		A668C65E28A9387100242496 /* AuthViewModel.swift */ = {isa = PBXFileReference; lastKnownFileType = sourcecode.swift; path = AuthViewModel.swift; sourceTree = "<group>"; };
/* End PBXFileReference section */

/* Begin PBXFrameworksBuildPhase section */
		A668C63628A9242000242496 /* Frameworks */ = {
			isa = PBXFrameworksBuildPhase;
			buildActionMask = 2147483647;
			files = (
				A668C65928A927C900242496 /* SDWebImageSwiftUI in Frameworks */,
				A668C65628A9277600242496 /* FirebaseStorageSwift-Beta in Frameworks */,
				A668C65228A9277600242496 /* FirebaseFirestoreSwift-Beta in Frameworks */,
				A668C65428A9277600242496 /* FirebaseStorage in Frameworks */,
				A668C64E28A9277600242496 /* FirebaseAuth in Frameworks */,
				A668C65028A9277600242496 /* FirebaseFirestore in Frameworks */,
			);
			runOnlyForDeploymentPostprocessing = 0;
		};
/* End PBXFrameworksBuildPhase section */

/* Begin PBXGroup section */
		A668C63028A9242000242496 = {
			isa = PBXGroup;
			children = (
				A668C64A28A9249B00242496 /* README.md */,
				A668C63B28A9242000242496 /* TuittaSwift */,
				A668C63A28A9242000242496 /* Products */,
			);
			sourceTree = "<group>";
		};
		A668C63A28A9242000242496 /* Products */ = {
			isa = PBXGroup;
			children = (
				A668C63928A9242000242496 /* TuittaSwift.app */,
			);
			name = Products;
			sourceTree = "<group>";
		};
		A668C63B28A9242000242496 /* TuittaSwift */ = {
			isa = PBXGroup;
			children = (
				A668C63C28A9242000242496 /* TuittaSwiftApp.swift */,
				A668C65E28A9387100242496 /* AuthViewModel.swift */,
				A668C65A28A928A300242496 /* GoogleService-Info.plist */,
				A668C65C28A928D900242496 /* LoginView.swift */,
				A668C63E28A9242000242496 /* ContentView.swift */,
				A668C64028A9242300242496 /* Assets.xcassets */,
				A668C64228A9242300242496 /* Preview Content */,
			);
			path = TuittaSwift;
			sourceTree = "<group>";
		};
		A668C64228A9242300242496 /* Preview Content */ = {
			isa = PBXGroup;
			children = (
				A668C64328A9242300242496 /* Preview Assets.xcassets */,
			);
			path = "Preview Content";
			sourceTree = "<group>";
		};
/* End PBXGroup section */

/* Begin PBXNativeTarget section */
		A668C63828A9242000242496 /* TuittaSwift */ = {
			isa = PBXNativeTarget;
			buildConfigurationList = A668C64728A9242300242496 /* Build configuration list for PBXNativeTarget "TuittaSwift" */;
			buildPhases = (
				A668C63528A9242000242496 /* Sources */,
				A668C63628A9242000242496 /* Frameworks */,
				A668C63728A9242000242496 /* Resources */,
			);
			buildRules = (
			);
			dependencies = (
			);
			name = TuittaSwift;
			packageProductDependencies = (
				A668C64D28A9277600242496 /* FirebaseAuth */,
				A668C64F28A9277600242496 /* FirebaseFirestore */,
				A668C65128A9277600242496 /* FirebaseFirestoreSwift-Beta */,
				A668C65328A9277600242496 /* FirebaseStorage */,
				A668C65528A9277600242496 /* FirebaseStorageSwift-Beta */,
				A668C65828A927C900242496 /* SDWebImageSwiftUI */,
			);
			productName = TuittaSwift;
			productReference = A668C63928A9242000242496 /* TuittaSwift.app */;
			productType = "com.apple.product-type.application";
		};
/* End PBXNativeTarget section */

/* Begin PBXProject section */
		A668C63128A9242000242496 /* Project object */ = {
			isa = PBXProject;
			attributes = {
				BuildIndependentTargetsInParallel = 1;
				LastSwiftUpdateCheck = 1330;
				LastUpgradeCheck = 1330;
				TargetAttributes = {
					A668C63828A9242000242496 = {
						CreatedOnToolsVersion = 13.3.1;
					};
				};
			};
			buildConfigurationList = A668C63428A9242000242496 /* Build configuration list for PBXProject "TuittaSwift" */;
			compatibilityVersion = "Xcode 13.0";
			developmentRegion = en;
			hasScannedForEncodings = 0;
			knownRegions = (
				en,
				Base,
			);
			mainGroup = A668C63028A9242000242496;
			packageReferences = (
				A668C64C28A9277600242496 /* XCRemoteSwiftPackageReference "firebase-ios-sdk" */,
				A668C65728A927C900242496 /* XCRemoteSwiftPackageReference "SDWebImageSwiftUI" */,
			);
			productRefGroup = A668C63A28A9242000242496 /* Products */;
			projectDirPath = "";
			projectRoot = "";
			targets = (
				A668C63828A9242000242496 /* TuittaSwift */,
			);
		};
/* End PBXProject section */

/* Begin PBXResourcesBuildPhase section */
		A668C63728A9242000242496 /* Resources */ = {
			isa = PBXResourcesBuildPhase;
			buildActionMask = 2147483647;
			files = (
				A668C64B28A9249B00242496 /* README.md in Resources */,
				A668C65B28A928A300242496 /* GoogleService-Info.plist in Resources */,
				A668C64428A9242300242496 /* Preview Assets.xcassets in Resources */,
				A668C64128A9242300242496 /* Assets.xcassets in Resources */,
			);
			runOnlyForDeploymentPostprocessing = 0;
		};
/* End PBXResourcesBuildPhase section */

/* Begin PBXSourcesBuildPhase section */
		A668C63528A9242000242496 /* Sources */ = {
			isa = PBXSourcesBuildPhase;
			buildActionMask = 2147483647;
			files = (
				A668C65F28A9387100242496 /* AuthViewModel.swift in Sources */,
				A668C65D28A928D900242496 /* LoginView.swift in Sources */,
				A668C63F28A9242000242496 /* ContentView.swift in Sources */,
				A668C63D28A9242000242496 /* TuittaSwiftApp.swift in Sources */,
			);
			runOnlyForDeploymentPostprocessing = 0;
		};
/* End PBXSourcesBuildPhase section */

/* Begin XCBuildConfiguration section */
		A668C64528A9242300242496 /* Debug */ = {
			isa = XCBuildConfiguration;
			buildSettings = {
				ALWAYS_SEARCH_USER_PATHS = NO;
				CLANG_ANALYZER_NONNULL = YES;
				CLANG_ANALYZER_NUMBER_OBJECT_CONVERSION = YES_AGGRESSIVE;
				CLANG_CXX_LANGUAGE_STANDARD = "gnu++17";
				CLANG_ENABLE_MODULES = YES;
				CLANG_ENABLE_OBJC_ARC = YES;
				CLANG_ENABLE_OBJC_WEAK = YES;
				CLANG_WARN_BLOCK_CAPTURE_AUTORELEASING = YES;
				CLANG_WARN_BOOL_CONVERSION = YES;
				CLANG_WARN_COMMA = YES;
				CLANG_WARN_CONSTANT_CONVERSION = YES;
				CLANG_WARN_DEPRECATED_OBJC_IMPLEMENTATIONS = YES;
				CLANG_WARN_DIRECT_OBJC_ISA_USAGE = YES_ERROR;
				CLANG_WARN_DOCUMENTATION_COMMENTS = YES;
				CLANG_WARN_EMPTY_BODY = YES;
				CLANG_WARN_ENUM_CONVERSION = YES;
				CLANG_WARN_INFINITE_RECURSION = YES;
				CLANG_WARN_INT_CONVERSION = YES;
				CLANG_WARN_NON_LITERAL_NULL_CONVERSION = YES;
				CLANG_WARN_OBJC_IMPLICIT_RETAIN_SELF = YES;
				CLANG_WARN_OBJC_LITERAL_CONVERSION = YES;
				CLANG_WARN_OBJC_ROOT_CLASS = YES_ERROR;
				CLANG_WARN_QUOTED_INCLUDE_IN_FRAMEWORK_HEADER = YES;
				CLANG_WARN_RANGE_LOOP_ANALYSIS = YES;
				CLANG_WARN_STRICT_PROTOTYPES = YES;
				CLANG_WARN_SUSPICIOUS_MOVE = YES;
				CLANG_WARN_UNGUARDED_AVAILABILITY = YES_AGGRESSIVE;
				CLANG_WARN_UNREACHABLE_CODE = YES;
				CLANG_WARN__DUPLICATE_METHOD_MATCH = YES;
				COPY_PHASE_STRIP = NO;
				DEBUG_INFORMATION_FORMAT = dwarf;
				ENABLE_STRICT_OBJC_MSGSEND = YES;
				ENABLE_TESTABILITY = YES;
				GCC_C_LANGUAGE_STANDARD = gnu11;
				GCC_DYNAMIC_NO_PIC = NO;
				GCC_NO_COMMON_BLOCKS = YES;
				GCC_OPTIMIZATION_LEVEL = 0;
				GCC_PREPROCESSOR_DEFINITIONS = (
					"DEBUG=1",
					"$(inherited)",
				);
				GCC_WARN_64_TO_32_BIT_CONVERSION = YES;
				GCC_WARN_ABOUT_RETURN_TYPE = YES_ERROR;
				GCC_WARN_UNDECLARED_SELECTOR = YES;
				GCC_WARN_UNINITIALIZED_AUTOS = YES_AGGRESSIVE;
				GCC_WARN_UNUSED_FUNCTION = YES;
				GCC_WARN_UNUSED_VARIABLE = YES;
				IPHONEOS_DEPLOYMENT_TARGET = 15.4;
				MTL_ENABLE_DEBUG_INFO = INCLUDE_SOURCE;
				MTL_FAST_MATH = YES;
				ONLY_ACTIVE_ARCH = YES;
				SDKROOT = iphoneos;
				SWIFT_ACTIVE_COMPILATION_CONDITIONS = DEBUG;
				SWIFT_OPTIMIZATION_LEVEL = "-Onone";
			};
			name = Debug;
		};
		A668C64628A9242300242496 /* Release */ = {
			isa = XCBuildConfiguration;
			buildSettings = {
				ALWAYS_SEARCH_USER_PATHS = NO;
				CLANG_ANALYZER_NONNULL = YES;
				CLANG_ANALYZER_NUMBER_OBJECT_CONVERSION = YES_AGGRESSIVE;
				CLANG_CXX_LANGUAGE_STANDARD = "gnu++17";
				CLANG_ENABLE_MODULES = YES;
				CLANG_ENABLE_OBJC_ARC = YES;
				CLANG_ENABLE_OBJC_WEAK = YES;
				CLANG_WARN_BLOCK_CAPTURE_AUTORELEASING = YES;
				CLANG_WARN_BOOL_CONVERSION = YES;
				CLANG_WARN_COMMA = YES;
				CLANG_WARN_CONSTANT_CONVERSION = YES;
				CLANG_WARN_DEPRECATED_OBJC_IMPLEMENTATIONS = YES;
				CLANG_WARN_DIRECT_OBJC_ISA_USAGE = YES_ERROR;
				CLANG_WARN_DOCUMENTATION_COMMENTS = YES;
				CLANG_WARN_EMPTY_BODY = YES;
				CLANG_WARN_ENUM_CONVERSION = YES;
				CLANG_WARN_INFINITE_RECURSION = YES;
				CLANG_WARN_INT_CONVERSION = YES;
				CLANG_WARN_NON_LITERAL_NULL_CONVERSION = YES;
				CLANG_WARN_OBJC_IMPLICIT_RETAIN_SELF = YES;
				CLANG_WARN_OBJC_LITERAL_CONVERSION = YES;
				CLANG_WARN_OBJC_ROOT_CLASS = YES_ERROR;
				CLANG_WARN_QUOTED_INCLUDE_IN_FRAMEWORK_HEADER = YES;
				CLANG_WARN_RANGE_LOOP_ANALYSIS = YES;
				CLANG_WARN_STRICT_PROTOTYPES = YES;
				CLANG_WARN_SUSPICIOUS_MOVE = YES;
				CLANG_WARN_UNGUARDED_AVAILABILITY = YES_AGGRESSIVE;
				CLANG_WARN_UNREACHABLE_CODE = YES;
				CLANG_WARN__DUPLICATE_METHOD_MATCH = YES;
				COPY_PHASE_STRIP = NO;
				DEBUG_INFORMATION_FORMAT = "dwarf-with-dsym";
				ENABLE_NS_ASSERTIONS = NO;
				ENABLE_STRICT_OBJC_MSGSEND = YES;
				GCC_C_LANGUAGE_STANDARD = gnu11;
				GCC_NO_COMMON_BLOCKS = YES;
				GCC_WARN_64_TO_32_BIT_CONVERSION = YES;
				GCC_WARN_ABOUT_RETURN_TYPE = YES_ERROR;
				GCC_WARN_UNDECLARED_SELECTOR = YES;
				GCC_WARN_UNINITIALIZED_AUTOS = YES_AGGRESSIVE;
				GCC_WARN_UNUSED_FUNCTION = YES;
				GCC_WARN_UNUSED_VARIABLE = YES;
				IPHONEOS_DEPLOYMENT_TARGET = 15.4;
				MTL_ENABLE_DEBUG_INFO = NO;
				MTL_FAST_MATH = YES;
				SDKROOT = iphoneos;
				SWIFT_COMPILATION_MODE = wholemodule;
				SWIFT_OPTIMIZATION_LEVEL = "-O";
				VALIDATE_PRODUCT = YES;
			};
			name = Release;
		};
		A668C64828A9242300242496 /* Debug */ = {
			isa = XCBuildConfiguration;
			buildSettings = {
				ASSETCATALOG_COMPILER_APPICON_NAME = AppIcon;
				ASSETCATALOG_COMPILER_GLOBAL_ACCENT_COLOR_NAME = AccentColor;
				CODE_SIGN_STYLE = Automatic;
				CURRENT_PROJECT_VERSION = 1;
				DEVELOPMENT_ASSET_PATHS = "\"TuittaSwift/Preview Content\"";
				ENABLE_PREVIEWS = YES;
				GENERATE_INFOPLIST_FILE = YES;
				INFOPLIST_KEY_UIApplicationSceneManifest_Generation = YES;
				INFOPLIST_KEY_UIApplicationSupportsIndirectInputEvents = YES;
				INFOPLIST_KEY_UILaunchScreen_Generation = YES;
				INFOPLIST_KEY_UISupportedInterfaceOrientations_iPad = "UIInterfaceOrientationPortrait UIInterfaceOrientationPortraitUpsideDown UIInterfaceOrientationLandscapeLeft UIInterfaceOrientationLandscapeRight";
				INFOPLIST_KEY_UISupportedInterfaceOrientations_iPhone = "UIInterfaceOrientationPortrait UIInterfaceOrientationLandscapeLeft UIInterfaceOrientationLandscapeRight";
				LD_RUNPATH_SEARCH_PATHS = (
					"$(inherited)",
					"@executable_path/Frameworks",
				);
				MARKETING_VERSION = 1.0;
				PRODUCT_BUNDLE_IDENTIFIER = com.jun.TuittaSwift;
				PRODUCT_NAME = "$(TARGET_NAME)";
				SWIFT_EMIT_LOC_STRINGS = YES;
				SWIFT_VERSION = 5.0;
				TARGETED_DEVICE_FAMILY = "1,2";
			};
			name = Debug;
		};
		A668C64928A9242300242496 /* Release */ = {
			isa = XCBuildConfiguration;
			buildSettings = {
				ASSETCATALOG_COMPILER_APPICON_NAME = AppIcon;
				ASSETCATALOG_COMPILER_GLOBAL_ACCENT_COLOR_NAME = AccentColor;
				CODE_SIGN_STYLE = Automatic;
				CURRENT_PROJECT_VERSION = 1;
				DEVELOPMENT_ASSET_PATHS = "\"TuittaSwift/Preview Content\"";
				ENABLE_PREVIEWS = YES;
				GENERATE_INFOPLIST_FILE = YES;
				INFOPLIST_KEY_UIApplicationSceneManifest_Generation = YES;
				INFOPLIST_KEY_UIApplicationSupportsIndirectInputEvents = YES;
				INFOPLIST_KEY_UILaunchScreen_Generation = YES;
				INFOPLIST_KEY_UISupportedInterfaceOrientations_iPad = "UIInterfaceOrientationPortrait UIInterfaceOrientationPortraitUpsideDown UIInterfaceOrientationLandscapeLeft UIInterfaceOrientationLandscapeRight";
				INFOPLIST_KEY_UISupportedInterfaceOrientations_iPhone = "UIInterfaceOrientationPortrait UIInterfaceOrientationLandscapeLeft UIInterfaceOrientationLandscapeRight";
				LD_RUNPATH_SEARCH_PATHS = (
					"$(inherited)",
					"@executable_path/Frameworks",
				);
				MARKETING_VERSION = 1.0;
				PRODUCT_BUNDLE_IDENTIFIER = com.jun.TuittaSwift;
				PRODUCT_NAME = "$(TARGET_NAME)";
				SWIFT_EMIT_LOC_STRINGS = YES;
				SWIFT_VERSION = 5.0;
				TARGETED_DEVICE_FAMILY = "1,2";
			};
			name = Release;
		};
/* End XCBuildConfiguration section */

/* Begin XCConfigurationList section */
		A668C63428A9242000242496 /* Build configuration list for PBXProject "TuittaSwift" */ = {
			isa = XCConfigurationList;
			buildConfigurations = (
				A668C64528A9242300242496 /* Debug */,
				A668C64628A9242300242496 /* Release */,
			);
			defaultConfigurationIsVisible = 0;
			defaultConfigurationName = Release;
		};
		A668C64728A9242300242496 /* Build configuration list for PBXNativeTarget "TuittaSwift" */ = {
			isa = XCConfigurationList;
			buildConfigurations = (
				A668C64828A9242300242496 /* Debug */,
				A668C64928A9242300242496 /* Release */,
			);
			defaultConfigurationIsVisible = 0;
			defaultConfigurationName = Release;
		};
/* End XCConfigurationList section */

/* Begin XCRemoteSwiftPackageReference section */
		A668C64C28A9277600242496 /* XCRemoteSwiftPackageReference "firebase-ios-sdk" */ = {
			isa = XCRemoteSwiftPackageReference;
			repositoryURL = "https://github.com/firebase/firebase-ios-sdk";
			requirement = {
				kind = versionRange;
				maximumVersion = 9.0.0;
				minimumVersion = 8.0.0;
			};
		};
		A668C65728A927C900242496 /* XCRemoteSwiftPackageReference "SDWebImageSwiftUI" */ = {
			isa = XCRemoteSwiftPackageReference;
			repositoryURL = "https://github.com/SDWebImage/SDWebImageSwiftUI.git";
			requirement = {
				branch = master;
				kind = branch;
			};
		};
/* End XCRemoteSwiftPackageReference section */

/* Begin XCSwiftPackageProductDependency section */
		A668C64D28A9277600242496 /* FirebaseAuth */ = {
			isa = XCSwiftPackageProductDependency;
			package = A668C64C28A9277600242496 /* XCRemoteSwiftPackageReference "firebase-ios-sdk" */;
			productName = FirebaseAuth;
		};
		A668C64F28A9277600242496 /* FirebaseFirestore */ = {
			isa = XCSwiftPackageProductDependency;
			package = A668C64C28A9277600242496 /* XCRemoteSwiftPackageReference "firebase-ios-sdk" */;
			productName = FirebaseFirestore;
		};
		A668C65128A9277600242496 /* FirebaseFirestoreSwift-Beta */ = {
			isa = XCSwiftPackageProductDependency;
			package = A668C64C28A9277600242496 /* XCRemoteSwiftPackageReference "firebase-ios-sdk" */;
			productName = "FirebaseFirestoreSwift-Beta";
		};
		A668C65328A9277600242496 /* FirebaseStorage */ = {
			isa = XCSwiftPackageProductDependency;
			package = A668C64C28A9277600242496 /* XCRemoteSwiftPackageReference "firebase-ios-sdk" */;
			productName = FirebaseStorage;
		};
		A668C65528A9277600242496 /* FirebaseStorageSwift-Beta */ = {
			isa = XCSwiftPackageProductDependency;
			package = A668C64C28A9277600242496 /* XCRemoteSwiftPackageReference "firebase-ios-sdk" */;
			productName = "FirebaseStorageSwift-Beta";
		};
		A668C65828A927C900242496 /* SDWebImageSwiftUI */ = {
			isa = XCSwiftPackageProductDependency;
			package = A668C65728A927C900242496 /* XCRemoteSwiftPackageReference "SDWebImageSwiftUI" */;
			productName = SDWebImageSwiftUI;
		};
/* End XCSwiftPackageProductDependency section */
	};
	rootObject = A668C63128A9242000242496 /* Project object */;
}
